schema: '2.0'
stages:
  stage_01:
    cmd: python stage_01.py
    deps:
    - path: stage_01.py
      hash: md5
      md5: 5a39bcc3867e3647bfc0707d3300deec
      size: 100
    outs:
    - path: artifacts.txt
      hash: md5
      md5: 3c5da5a1ec4b408b3d51891b250e3da6
      size: 40
  stage_02:
    cmd: python stage_02.py
    deps:
    - path: artifacts.txt
      hash: md5
      md5: 82ac9375d7b8ca570bb47f32180d4170
      size: 61
    - path: stage_02.py
      hash: md5
      md5: 64016b1886c5be5ee70d0d73afebf142
      size: 128
  stage_03:
    cmd: python stage_03.py
    deps:
    - path: artifacts.txt
      hash: md5
      md5: 82ac9375d7b8ca570bb47f32180d4170
      size: 61
    - path: stage_03.py
      hash: md5
      md5: dd5e2deca619606ebdeac1098e7859cc
      size: 205
